
Microsoft Visual Studio Solution File, Format Version 12.00
# Visual Studio Version 17
VisualStudioVersion = 17.4.33110.190
MinimumVisualStudioVersion = 10.0.40219.1
Project("{FAE04EC0-301F-11D3-BF4B-00C04F79EFBC}") = "OOP program of different car using constructors", "OOP program of different car using constructors.csproj", "{527C351E-268D-46E9-914E-AB171425F159}"
EndProject
Global
	GlobalSection(SolutionConfigurationPlatforms) = preSolution
		Debug|Any CPU = Debug|Any CPU
		Release|Any CPU = Release|Any CPU
	EndGlobalSection
	GlobalSection(ProjectConfigurationPlatforms) = postSolution
		{527C351E-268D-46E9-914E-AB171425F159}.Debug|Any CPU.ActiveCfg = Debug|Any CPU
		{527C351E-268D-46E9-914E-AB171425F159}.Debug|Any CPU.Build.0 = Debug|Any CPU
		{527C351E-268D-46E9-914E-AB171425F159}.Release|Any CPU.ActiveCfg = Release|Any CPU
		{527C351E-268D-46E9-914E-AB171425F159}.Release|Any CPU.Build.0 = Release|Any CPU
	EndGlobalSection
	GlobalSection(SolutionProperties) = preSolution
		HideSolutionNode = FALSE
	EndGlobalSection
	GlobalSection(ExtensibilityGlobals) = postSolution
		SolutionGuid = {0E4260C8-1051-41F5-9CF7-E20F45D3ECB3}
	EndGlobalSection
EndGlobal
